
Microsoft Visual Studio Solution File, Format Version 12.00
# Visual Studio Version 16
VisualStudioVersion = 16.0.30717.126
MinimumVisualStudioVersion = 10.0.40219.1
Project("{FAE04EC0-301F-11D3-BF4B-00C04F79EFBC}") = "Pirlogeanu_AlexandruGabriel_Lab6", "Pirlogeanu_AlexandruGabriel_Lab6\Pirlogeanu_AlexandruGabriel_Lab6.csproj", "{2723310D-AEE9-4555-9FEB-D10836C6F987}"
EndProject
Project("{FAE04EC0-301F-11D3-BF4B-00C04F79EFBC}") = "PhoneBookModel", "..\PhoneBookModel\PhoneBookModel\PhoneBookModel.csproj", "{78B717DB-5155-4EC4-ACE3-D56DD163C847}"
EndProject
Global
	GlobalSection(SolutionConfigurationPlatforms) = preSolution
		Debug|Any CPU = Debug|Any CPU
		Release|Any CPU = Release|Any CPU
	EndGlobalSection
	GlobalSection(ProjectConfigurationPlatforms) = postSolution
		{2723310D-AEE9-4555-9FEB-D10836C6F987}.Debug|Any CPU.ActiveCfg = Debug|Any CPU
		{2723310D-AEE9-4555-9FEB-D10836C6F987}.Debug|Any CPU.Build.0 = Debug|Any CPU
		{2723310D-AEE9-4555-9FEB-D10836C6F987}.Release|Any CPU.ActiveCfg = Release|Any CPU
		{2723310D-AEE9-4555-9FEB-D10836C6F987}.Release|Any CPU.Build.0 = Release|Any CPU
		{78B717DB-5155-4EC4-ACE3-D56DD163C847}.Debug|Any CPU.ActiveCfg = Debug|Any CPU
		{78B717DB-5155-4EC4-ACE3-D56DD163C847}.Debug|Any CPU.Build.0 = Debug|Any CPU
		{78B717DB-5155-4EC4-ACE3-D56DD163C847}.Release|Any CPU.ActiveCfg = Release|Any CPU
		{78B717DB-5155-4EC4-ACE3-D56DD163C847}.Release|Any CPU.Build.0 = Release|Any CPU
	EndGlobalSection
	GlobalSection(SolutionProperties) = preSolution
		HideSolutionNode = FALSE
	EndGlobalSection
	GlobalSection(ExtensibilityGlobals) = postSolution
		SolutionGuid = {FF8BDEED-4A8E-45F2-A3B9-D4F3BEB407C6}
	EndGlobalSection
EndGlobal
